# THIS IS AN AUTOGENERATED FILE. DO NOT EDIT THIS FILE DIRECTLY.
# yarn lockfile v1


classnames@^2.2.5:
  version "2.2.6"
  resolved "https://registry.yarnpkg.com/classnames/-/classnames-2.2.6.tgz#43935bffdd291f326dad0a205309b38d00f650ce"

core-js@^2.5.3:
  version "2.5.7"
  resolved "https://registry.yarnpkg.com/core-js/-/core-js-2.5.7.tgz#f972608ff0cead68b841a16a932d0b183791814e"

feather-icons@^4.7.3:
  version "4.7.3"
  resolved "https://registry.yarnpkg.com/feather-icons/-/feather-icons-4.7.3.tgz#c33d95f2df4582f26a0bb4c11f281fe7faec12aa"
  dependencies:
    classnames "^2.2.5"
    core-js "^2.5.3"
