{
  "name": "@native-icons/ionicons",
  "version": "0.1.0",
  "lockfileVersion": 1,
  "requires": true,
  "dependencies": {
    "ionicons": {
      "version": "4.2.4",
      "resolved": "https://registry.npmjs.org/ionicons/-/ionicons-4.2.4.tgz",
      "integrity": "sha512-iaBPyuPSefGd6X03SkBM1BRqVbVFe1PZL5kYSNbMLxvTXGTenxK+O2TWsE1PPDo10qd0OiDb5cBod1oeHPCItA=="
    }
  }
}
